
Microsoft Visual Studio Solution File, Format Version 11.00
# Visual Studio 2010
Project("{FAE04EC0-301F-11D3-BF4B-00C04F79EFBC}") = "TestNet", "TestNet\TestNet.csproj", "{17975E1F-BAED-4EB5-9EC5-62AB8E002ADC}"
EndProject
Project("{54435603-DBB4-11D2-8724-00A0C9A8B90C}") = "AlertNET", "AlertNET\AlertNET.vdproj", "{0B2A2BD2-8734-4008-87DA-2B870E32E2DE}"
EndProject
Global
	GlobalSection(SolutionConfigurationPlatforms) = preSolution
		Debug|x86 = Debug|x86
		Release|x86 = Release|x86
	EndGlobalSection
	GlobalSection(ProjectConfigurationPlatforms) = postSolution
		{17975E1F-BAED-4EB5-9EC5-62AB8E002ADC}.Debug|x86.ActiveCfg = Debug|x86
		{17975E1F-BAED-4EB5-9EC5-62AB8E002ADC}.Debug|x86.Build.0 = Debug|x86
		{17975E1F-BAED-4EB5-9EC5-62AB8E002ADC}.Release|x86.ActiveCfg = Release|x86
		{17975E1F-BAED-4EB5-9EC5-62AB8E002ADC}.Release|x86.Build.0 = Release|x86
		{0B2A2BD2-8734-4008-87DA-2B870E32E2DE}.Debug|x86.ActiveCfg = Debug
		{0B2A2BD2-8734-4008-87DA-2B870E32E2DE}.Release|x86.ActiveCfg = Release
	EndGlobalSection
	GlobalSection(SolutionProperties) = preSolution
		HideSolutionNode = FALSE
	EndGlobalSection
EndGlobal
